Microsoft Visual Studio Solution File, Format Version 12.00
# Visual Studio Version 17
VisualStudioVersion = 17.5.2.0
MinimumVisualStudioVersion = 10.0.40219.1
Project("{FAE04EC0-301F-11D3-BF4B-00C04F79EFBC}") = "discord-mcp-toolkit", "discord-mcp-toolkit.csproj", "{0187AE9E-D314-044A-3DCD-BE5A11CF5ACE}"
EndProject
Global
	GlobalSection(SolutionConfigurationPlatforms) = preSolution
		Debug|Any CPU = Debug|Any CPU
		Release|Any CPU = Release|Any CPU
	EndGlobalSection
	GlobalSection(ProjectConfigurationPlatforms) = postSolution
		{0187AE9E-D314-044A-3DCD-BE5A11CF5ACE}.Debug|Any CPU.ActiveCfg = Debug|Any CPU
		{0187AE9E-D314-044A-3DCD-BE5A11CF5ACE}.Debug|Any CPU.Build.0 = Debug|Any CPU
		{0187AE9E-D314-044A-3DCD-BE5A11CF5ACE}.Release|Any CPU.ActiveCfg = Release|Any CPU
		{0187AE9E-D314-044A-3DCD-BE5A11CF5ACE}.Release|Any CPU.Build.0 = Release|Any CPU
	EndGlobalSection
	GlobalSection(SolutionProperties) = preSolution
		HideSolutionNode = FALSE
	EndGlobalSection
	GlobalSection(ExtensibilityGlobals) = postSolution
		SolutionGuid = {3457DB9C-4DE8-4537-8B8C-D71946E44A2C}
	EndGlobalSection
EndGlobal
